// !$*UTF8*$!
{
	archiveVersion = 1;
	classes = {
	};
	objectVersion = 56;
	objects = {

/* Begin PBXBuildFile section */
		945A6ACC2B5C57B400B3DBD0 /* helpdesk_principalApp.swift in Sources */ = {isa = PBXBuildFile; fileRef = 945A6ACB2B5C57B400B3DBD0 /* helpdesk_principalApp.swift */; };
		945A6ACE2B5C57B400B3DBD0 /* ContentView.swift in Sources */ = {isa = PBXBuildFile; fileRef = 945A6ACD2B5C57B400B3DBD0 /* ContentView.swift */; };
		945A6AD02B5C57B500B3DBD0 /* Assets.xcassets in Resources */ = {isa = PBXBuildFile; fileRef = 945A6ACF2B5C57B500B3DBD0 /* Assets.xcassets */; };
		945A6AD32B5C57B500B3DBD0 /* Preview Assets.xcassets in Resources */ = {isa = PBXBuildFile; fileRef = 945A6AD22B5C57B500B3DBD0 /* Preview Assets.xcassets */; };
		945A6ADD2B5C57B600B3DBD0 /* helpdesk_principalTests.swift in Sources */ = {isa = PBXBuildFile; fileRef = 945A6ADC2B5C57B600B3DBD0 /* helpdesk_principalTests.swift */; };
		945A6AE72B5C57B600B3DBD0 /* helpdesk_principalUITests.swift in Sources */ = {isa = PBXBuildFile; fileRef = 945A6AE62B5C57B600B3DBD0 /* helpdesk_principalUITests.swift */; };
		945A6AE92B5C57B600B3DBD0 /* helpdesk_principalUITestsLaunchTests.swift in Sources */ = {isa = PBXBuildFile; fileRef = 945A6AE82B5C57B600B3DBD0 /* helpdesk_principalUITestsLaunchTests.swift */; };
		945A6AF62B5C58C600B3DBD0 /* README.md in Resources */ = {isa = PBXBuildFile; fileRef = 945A6AF52B5C58C600B3DBD0 /* README.md */; };
/* End PBXBuildFile section */

/* Begin PBXContainerItemProxy section */
		945A6AD92B5C57B600B3DBD0 /* PBXContainerItemProxy */ = {
			isa = PBXContainerItemProxy;
			containerPortal = 945A6AC02B5C57B400B3DBD0 /* Project object */;
			proxyType = 1;
			remoteGlobalIDString = 945A6AC72B5C57B400B3DBD0;
			remoteInfo = "helpdesk-principal";
		};
		945A6AE32B5C57B600B3DBD0 /* PBXContainerItemProxy */ = {
			isa = PBXContainerItemProxy;
			containerPortal = 945A6AC02B5C57B400B3DBD0 /* Project object */;
			proxyType = 1;
			remoteGlobalIDString = 945A6AC72B5C57B400B3DBD0;
			remoteInfo = "helpdesk-principal";
		};
/* End PBXContainerItemProxy section */

/* Begin PBXFileReference section */
		945A6AC82B5C57B400B3DBD0 /* helpdesk-principal.app */ = {isa = PBXFileReference; explicitFileType = wrapper.application; includeInIndex = 0; path = "helpdesk-principal.app"; sourceTree = BUILT_PRODUCTS_DIR; };
		945A6ACB2B5C57B400B3DBD0 /* helpdesk_principalApp.swift */ = {isa = PBXFileReference; lastKnownFileType = sourcecode.swift; path = helpdesk_principalApp.swift; sourceTree = "<group>"; };
		945A6ACD2B5C57B400B3DBD0 /* ContentView.swift */ = {isa = PBXFileReference; lastKnownFileType = sourcecode.swift; path = ContentView.swift; sourceTree = "<group>"; };
		945A6ACF2B5C57B500B3DBD0 /* Assets.xcassets */ = {isa = PBXFileReference; lastKnownFileType = folder.assetcatalog; path = Assets.xcassets; sourceTree = "<group>"; };
		945A6AD22B5C57B500B3DBD0 /* Preview Assets.xcassets */ = {isa = PBXFileReference; lastKnownFileType = folder.assetcatalog; path = "Preview Assets.xcassets"; sourceTree = "<group>"; };
		945A6AD82B5C57B600B3DBD0 /* helpdesk-principalTests.xctest */ = {isa = PBXFileReference; explicitFileType = wrapper.cfbundle; includeInIndex = 0; path = "helpdesk-principalTests.xctest"; sourceTree = BUILT_PRODUCTS_DIR; };
		945A6ADC2B5C57B600B3DBD0 /* helpdesk_principalTests.swift */ = {isa = PBXFileReference; lastKnownFileType = sourcecode.swift; path = helpdesk_principalTests.swift; sourceTree = "<group>"; };
		945A6AE22B5C57B600B3DBD0 /* helpdesk-principalUITests.xctest */ = {isa = PBXFileReference; explicitFileType = wrapper.cfbundle; includeInIndex = 0; path = "helpdesk-principalUITests.xctest"; sourceTree = BUILT_PRODUCTS_DIR; };
		945A6AE62B5C57B600B3DBD0 /* helpdesk_principalUITests.swift */ = {isa = PBXFileReference; lastKnownFileType = sourcecode.swift; path = helpdesk_principalUITests.swift; sourceTree = "<group>"; };
		945A6AE82B5C57B600B3DBD0 /* helpdesk_principalUITestsLaunchTests.swift */ = {isa = PBXFileReference; lastKnownFileType = sourcecode.swift; path = helpdesk_principalUITestsLaunchTests.swift; sourceTree = "<group>"; };
		945A6AF52B5C58C600B3DBD0 /* README.md */ = {isa = PBXFileReference; lastKnownFileType = net.daringfireball.markdown; path = README.md; sourceTree = "<group>"; };
/* End PBXFileReference section */

/* Begin PBXFrameworksBuildPhase section */
		945A6AC52B5C57B400B3DBD0 /* Frameworks */ = {
			isa = PBXFrameworksBuildPhase;
			buildActionMask = 2147483647;
			files = (
			);
			runOnlyForDeploymentPostprocessing = 0;
		};
		945A6AD52B5C57B600B3DBD0 /* Frameworks */ = {
			isa = PBXFrameworksBuildPhase;
			buildActionMask = 2147483647;
			files = (
			);
			runOnlyForDeploymentPostprocessing = 0;
		};
		945A6ADF2B5C57B600B3DBD0 /* Frameworks */ = {
			isa = PBXFrameworksBuildPhase;
			buildActionMask = 2147483647;
			files = (
			);
			runOnlyForDeploymentPostprocessing = 0;
		};
/* End PBXFrameworksBuildPhase section */

/* Begin PBXGroup section */
		945A6ABF2B5C57B400B3DBD0 = {
			isa = PBXGroup;
			children = (
				945A6AF52B5C58C600B3DBD0 /* README.md */,
				945A6ACA2B5C57B400B3DBD0 /* helpdesk-principal */,
				945A6ADB2B5C57B600B3DBD0 /* helpdesk-principalTests */,
				945A6AE52B5C57B600B3DBD0 /* helpdesk-principalUITests */,
				945A6AC92B5C57B400B3DBD0 /* Products */,
			);
			sourceTree = "<group>";
		};
		945A6AC92B5C57B400B3DBD0 /* Products */ = {
			isa = PBXGroup;
			children = (
				945A6AC82B5C57B400B3DBD0 /* helpdesk-principal.app */,
				945A6AD82B5C57B600B3DBD0 /* helpdesk-principalTests.xctest */,
				945A6AE22B5C57B600B3DBD0 /* helpdesk-principalUITests.xctest */,
			);
			name = Products;
			sourceTree = "<group>";
		};
		945A6ACA2B5C57B400B3DBD0 /* helpdesk-principal */ = {
			isa = PBXGroup;
			children = (
				945A6ACB2B5C57B400B3DBD0 /* helpdesk_principalApp.swift */,
				945A6ACD2B5C57B400B3DBD0 /* ContentView.swift */,
				945A6ACF2B5C57B500B3DBD0 /* Assets.xcassets */,
				945A6AD12B5C57B500B3DBD0 /* Preview Content */,
			);
			path = "helpdesk-principal";
			sourceTree = "<group>";
		};
		945A6AD12B5C57B500B3DBD0 /* Preview Content */ = {
			isa = PBXGroup;
			children = (
				945A6AD22B5C57B500B3DBD0 /* Preview Assets.xcassets */,
			);
			path = "Preview Content";
			sourceTree = "<group>";
		};
		945A6ADB2B5C57B600B3DBD0 /* helpdesk-principalTests */ = {
			isa = PBXGroup;
			children = (
				945A6ADC2B5C57B600B3DBD0 /* helpdesk_principalTests.swift */,
			);
			path = "helpdesk-principalTests";
			sourceTree = "<group>";
		};
		945A6AE52B5C57B600B3DBD0 /* helpdesk-principalUITests */ = {
			isa = PBXGroup;
			children = (
				945A6AE62B5C57B600B3DBD0 /* helpdesk_principalUITests.swift */,
				945A6AE82B5C57B600B3DBD0 /* helpdesk_principalUITestsLaunchTests.swift */,
			);
			path = "helpdesk-principalUITests";
			sourceTree = "<group>";
		};
/* End PBXGroup section */

/* Begin PBXNativeTarget section */
		945A6AC72B5C57B400B3DBD0 /* helpdesk-principal */ = {
			isa = PBXNativeTarget;
			buildConfigurationList = 945A6AEC2B5C57B600B3DBD0 /* Build configuration list for PBXNativeTarget "helpdesk-principal" */;
			buildPhases = (
				945A6AC42B5C57B400B3DBD0 /* Sources */,
				945A6AC52B5C57B400B3DBD0 /* Frameworks */,
				945A6AC62B5C57B400B3DBD0 /* Resources */,
			);
			buildRules = (
			);
			dependencies = (
			);
			name = "helpdesk-principal";
			productName = "helpdesk-principal";
			productReference = 945A6AC82B5C57B400B3DBD0 /* helpdesk-principal.app */;
			productType = "com.apple.product-type.application";
		};
		945A6AD72B5C57B600B3DBD0 /* helpdesk-principalTests */ = {
			isa = PBXNativeTarget;
			buildConfigurationList = 945A6AEF2B5C57B600B3DBD0 /* Build configuration list for PBXNativeTarget "helpdesk-principalTests" */;
			buildPhases = (
				945A6AD42B5C57B600B3DBD0 /* Sources */,
				945A6AD52B5C57B600B3DBD0 /* Frameworks */,
				945A6AD62B5C57B600B3DBD0 /* Resources */,
			);
			buildRules = (
			);
			dependencies = (
				945A6ADA2B5C57B600B3DBD0 /* PBXTargetDependency */,
			);
			name = "helpdesk-principalTests";
			productName = "helpdesk-principalTests";
			productReference = 945A6AD82B5C57B600B3DBD0 /* helpdesk-principalTests.xctest */;
			productType = "com.apple.product-type.bundle.unit-test";
		};
		945A6AE12B5C57B600B3DBD0 /* helpdesk-principalUITests */ = {
			isa = PBXNativeTarget;
			buildConfigurationList = 945A6AF22B5C57B600B3DBD0 /* Build configuration list for PBXNativeTarget "helpdesk-principalUITests" */;
			buildPhases = (
				945A6ADE2B5C57B600B3DBD0 /* Sources */,
				945A6ADF2B5C57B600B3DBD0 /* Frameworks */,
				945A6AE02B5C57B600B3DBD0 /* Resources */,
			);
			buildRules = (
			);
			dependencies = (
				945A6AE42B5C57B600B3DBD0 /* PBXTargetDependency */,
			);
			name = "helpdesk-principalUITests";
			productName = "helpdesk-principalUITests";
			productReference = 945A6AE22B5C57B600B3DBD0 /* helpdesk-principalUITests.xctest */;
			productType = "com.apple.product-type.bundle.ui-testing";
		};
/* End PBXNativeTarget section */

/* Begin PBXProject section */
		945A6AC02B5C57B400B3DBD0 /* Project object */ = {
			isa = PBXProject;
			attributes = {
				BuildIndependentTargetsInParallel = 1;
				LastSwiftUpdateCheck = 1520;
				LastUpgradeCheck = 1520;
				TargetAttributes = {
					945A6AC72B5C57B400B3DBD0 = {
						CreatedOnToolsVersion = 15.2;
					};
					945A6AD72B5C57B600B3DBD0 = {
						CreatedOnToolsVersion = 15.2;
						TestTargetID = 945A6AC72B5C57B400B3DBD0;
					};
					945A6AE12B5C57B600B3DBD0 = {
						CreatedOnToolsVersion = 15.2;
						TestTargetID = 945A6AC72B5C57B400B3DBD0;
					};
				};
			};
			buildConfigurationList = 945A6AC32B5C57B400B3DBD0 /* Build configuration list for PBXProject "helpdesk-principal" */;
			compatibilityVersion = "Xcode 14.0";
			developmentRegion = en;
			hasScannedForEncodings = 0;
			knownRegions = (
				en,
				Base,
			);
			mainGroup = 945A6ABF2B5C57B400B3DBD0;
			productRefGroup = 945A6AC92B5C57B400B3DBD0 /* Products */;
			projectDirPath = "";
			projectRoot = "";
			targets = (
				945A6AC72B5C57B400B3DBD0 /* helpdesk-principal */,
				945A6AD72B5C57B600B3DBD0 /* helpdesk-principalTests */,
				945A6AE12B5C57B600B3DBD0 /* helpdesk-principalUITests */,
			);
		};
/* End PBXProject section */

/* Begin PBXResourcesBuildPhase section */
		945A6AC62B5C57B400B3DBD0 /* Resources */ = {
			isa = PBXResourcesBuildPhase;
			buildActionMask = 2147483647;
			files = (
				945A6AF62B5C58C600B3DBD0 /* README.md in Resources */,
				945A6AD32B5C57B500B3DBD0 /* Preview Assets.xcassets in Resources */,
				945A6AD02B5C57B500B3DBD0 /* Assets.xcassets in Resources */,
			);
			runOnlyForDeploymentPostprocessing = 0;
		};
		945A6AD62B5C57B600B3DBD0 /* Resources */ = {
			isa = PBXResourcesBuildPhase;
			buildActionMask = 2147483647;
			files = (
			);
			runOnlyForDeploymentPostprocessing = 0;
		};
		945A6AE02B5C57B600B3DBD0 /* Resources */ = {
			isa = PBXResourcesBuildPhase;
			buildActionMask = 2147483647;
			files = (
			);
			runOnlyForDeploymentPostprocessing = 0;
		};
/* End PBXResourcesBuildPhase section */

/* Begin PBXSourcesBuildPhase section */
		945A6AC42B5C57B400B3DBD0 /* Sources */ = {
			isa = PBXSourcesBuildPhase;
			buildActionMask = 2147483647;
			files = (
				945A6ACE2B5C57B400B3DBD0 /* ContentView.swift in Sources */,
				945A6ACC2B5C57B400B3DBD0 /* helpdesk_principalApp.swift in Sources */,
			);
			runOnlyForDeploymentPostprocessing = 0;
		};
		945A6AD42B5C57B600B3DBD0 /* Sources */ = {
			isa = PBXSourcesBuildPhase;
			buildActionMask = 2147483647;
			files = (
				945A6ADD2B5C57B600B3DBD0 /* helpdesk_principalTests.swift in Sources */,
			);
			runOnlyForDeploymentPostprocessing = 0;
		};
		945A6ADE2B5C57B600B3DBD0 /* Sources */ = {
			isa = PBXSourcesBuildPhase;
			buildActionMask = 2147483647;
			files = (
				945A6AE72B5C57B600B3DBD0 /* helpdesk_principalUITests.swift in Sources */,
				945A6AE92B5C57B600B3DBD0 /* helpdesk_principalUITestsLaunchTests.swift in Sources */,
			);
			runOnlyForDeploymentPostprocessing = 0;
		};
/* End PBXSourcesBuildPhase section */

/* Begin PBXTargetDependency section */
		945A6ADA2B5C57B600B3DBD0 /* PBXTargetDependency */ = {
			isa = PBXTargetDependency;
			target = 945A6AC72B5C57B400B3DBD0 /* helpdesk-principal */;
			targetProxy = 945A6AD92B5C57B600B3DBD0 /* PBXContainerItemProxy */;
		};
		945A6AE42B5C57B600B3DBD0 /* PBXTargetDependency */ = {
			isa = PBXTargetDependency;
			target = 945A6AC72B5C57B400B3DBD0 /* helpdesk-principal */;
			targetProxy = 945A6AE32B5C57B600B3DBD0 /* PBXContainerItemProxy */;
		};
/* End PBXTargetDependency section */

/* Begin XCBuildConfiguration section */
		945A6AEA2B5C57B600B3DBD0 /* Debug */ = {
			isa = XCBuildConfiguration;
			buildSettings = {
				ALWAYS_SEARCH_USER_PATHS = NO;
				ASSETCATALOG_COMPILER_GENERATE_SWIFT_ASSET_SYMBOL_EXTENSIONS = YES;
				CLANG_ANALYZER_NONNULL = YES;
				CLANG_ANALYZER_NUMBER_OBJECT_CONVERSION = YES_AGGRESSIVE;
				CLANG_CXX_LANGUAGE_STANDARD = "gnu++20";
				CLANG_ENABLE_MODULES = YES;
				CLANG_ENABLE_OBJC_ARC = YES;
				CLANG_ENABLE_OBJC_WEAK = YES;
				CLANG_WARN_BLOCK_CAPTURE_AUTORELEASING = YES;
				CLANG_WARN_BOOL_CONVERSION = YES;
				CLANG_WARN_COMMA = YES;
				CLANG_WARN_CONSTANT_CONVERSION = YES;
				CLANG_WARN_DEPRECATED_OBJC_IMPLEMENTATIONS = YES;
				CLANG_WARN_DIRECT_OBJC_ISA_USAGE = YES_ERROR;
				CLANG_WARN_DOCUMENTATION_COMMENTS = YES;
				CLANG_WARN_EMPTY_BODY = YES;
				CLANG_WARN_ENUM_CONVERSION = YES;
				CLANG_WARN_INFINITE_RECURSION = YES;
				CLANG_WARN_INT_CONVERSION = YES;
				CLANG_WARN_NON_LITERAL_NULL_CONVERSION = YES;
				CLANG_WARN_OBJC_IMPLICIT_RETAIN_SELF = YES;
				CLANG_WARN_OBJC_LITERAL_CONVERSION = YES;
				CLANG_WARN_OBJC_ROOT_CLASS = YES_ERROR;
				CLANG_WARN_QUOTED_INCLUDE_IN_FRAMEWORK_HEADER = YES;
				CLANG_WARN_RANGE_LOOP_ANALYSIS = YES;
				CLANG_WARN_STRICT_PROTOTYPES = YES;
				CLANG_WARN_SUSPICIOUS_MOVE = YES;
				CLANG_WARN_UNGUARDED_AVAILABILITY = YES_AGGRESSIVE;
				CLANG_WARN_UNREACHABLE_CODE = YES;
				CLANG_WARN__DUPLICATE_METHOD_MATCH = YES;
				COPY_PHASE_STRIP = NO;
				DEBUG_INFORMATION_FORMAT = dwarf;
				ENABLE_STRICT_OBJC_MSGSEND = YES;
				ENABLE_TESTABILITY = YES;
				ENABLE_USER_SCRIPT_SANDBOXING = YES;
				GCC_C_LANGUAGE_STANDARD = gnu17;
				GCC_DYNAMIC_NO_PIC = NO;
				GCC_NO_COMMON_BLOCKS = YES;
				GCC_OPTIMIZATION_LEVEL = 0;
				GCC_PREPROCESSOR_DEFINITIONS = (
					"DEBUG=1",
					"$(inherited)",
				);
				GCC_WARN_64_TO_32_BIT_CONVERSION = YES;
				GCC_WARN_ABOUT_RETURN_TYPE = YES_ERROR;
				GCC_WARN_UNDECLARED_SELECTOR = YES;
				GCC_WARN_UNINITIALIZED_AUTOS = YES_AGGRESSIVE;
				GCC_WARN_UNUSED_FUNCTION = YES;
				GCC_WARN_UNUSED_VARIABLE = YES;
				IPHONEOS_DEPLOYMENT_TARGET = 17.2;
				LOCALIZATION_PREFERS_STRING_CATALOGS = YES;
				MTL_ENABLE_DEBUG_INFO = INCLUDE_SOURCE;
				MTL_FAST_MATH = YES;
				ONLY_ACTIVE_ARCH = YES;
				SDKROOT = iphoneos;
				SWIFT_ACTIVE_COMPILATION_CONDITIONS = "DEBUG $(inherited)";
				SWIFT_OPTIMIZATION_LEVEL = "-Onone";
			};
			name = Debug;
		};
		945A6AEB2B5C57B600B3DBD0 /* Release */ = {
			isa = XCBuildConfiguration;
			buildSettings = {
				ALWAYS_SEARCH_USER_PATHS = NO;
				ASSETCATALOG_COMPILER_GENERATE_SWIFT_ASSET_SYMBOL_EXTENSIONS = YES;
				CLANG_ANALYZER_NONNULL = YES;
				CLANG_ANALYZER_NUMBER_OBJECT_CONVERSION = YES_AGGRESSIVE;
				CLANG_CXX_LANGUAGE_STANDARD = "gnu++20";
				CLANG_ENABLE_MODULES = YES;
				CLANG_ENABLE_OBJC_ARC = YES;
				CLANG_ENABLE_OBJC_WEAK = YES;
				CLANG_WARN_BLOCK_CAPTURE_AUTORELEASING = YES;
				CLANG_WARN_BOOL_CONVERSION = YES;
				CLANG_WARN_COMMA = YES;
				CLANG_WARN_CONSTANT_CONVERSION = YES;
				CLANG_WARN_DEPRECATED_OBJC_IMPLEMENTATIONS = YES;
				CLANG_WARN_DIRECT_OBJC_ISA_USAGE = YES_ERROR;
				CLANG_WARN_DOCUMENTATION_COMMENTS = YES;
				CLANG_WARN_EMPTY_BODY = YES;
				CLANG_WARN_ENUM_CONVERSION = YES;
				CLANG_WARN_INFINITE_RECURSION = YES;
				CLANG_WARN_INT_CONVERSION = YES;
				CLANG_WARN_NON_LITERAL_NULL_CONVERSION = YES;
				CLANG_WARN_OBJC_IMPLICIT_RETAIN_SELF = YES;
				CLANG_WARN_OBJC_LITERAL_CONVERSION = YES;
				CLANG_WARN_OBJC_ROOT_CLASS = YES_ERROR;
				CLANG_WARN_QUOTED_INCLUDE_IN_FRAMEWORK_HEADER = YES;
				CLANG_WARN_RANGE_LOOP_ANALYSIS = YES;
				CLANG_WARN_STRICT_PROTOTYPES = YES;
				CLANG_WARN_SUSPICIOUS_MOVE = YES;
				CLANG_WARN_UNGUARDED_AVAILABILITY = YES_AGGRESSIVE;
				CLANG_WARN_UNREACHABLE_CODE = YES;
				CLANG_WARN__DUPLICATE_METHOD_MATCH = YES;
				COPY_PHASE_STRIP = NO;
				DEBUG_INFORMATION_FORMAT = "dwarf-with-dsym";
				ENABLE_NS_ASSERTIONS = NO;
				ENABLE_STRICT_OBJC_MSGSEND = YES;
				ENABLE_USER_SCRIPT_SANDBOXING = YES;
				GCC_C_LANGUAGE_STANDARD = gnu17;
				GCC_NO_COMMON_BLOCKS = YES;
				GCC_WARN_64_TO_32_BIT_CONVERSION = YES;
				GCC_WARN_ABOUT_RETURN_TYPE = YES_ERROR;
				GCC_WARN_UNDECLARED_SELECTOR = YES;
				GCC_WARN_UNINITIALIZED_AUTOS = YES_AGGRESSIVE;
				GCC_WARN_UNUSED_FUNCTION = YES;
				GCC_WARN_UNUSED_VARIABLE = YES;
				IPHONEOS_DEPLOYMENT_TARGET = 17.2;
				LOCALIZATION_PREFERS_STRING_CATALOGS = YES;
				MTL_ENABLE_DEBUG_INFO = NO;
				MTL_FAST_MATH = YES;
				SDKROOT = iphoneos;
				SWIFT_COMPILATION_MODE = wholemodule;
				VALIDATE_PRODUCT = YES;
			};
			name = Release;
		};
		945A6AED2B5C57B600B3DBD0 /* Debug */ = {
			isa = XCBuildConfiguration;
			buildSettings = {
				ASSETCATALOG_COMPILER_APPICON_NAME = AppIcon;
				ASSETCATALOG_COMPILER_GLOBAL_ACCENT_COLOR_NAME = AccentColor;
				CODE_SIGN_STYLE = Automatic;
				CURRENT_PROJECT_VERSION = 1;
				DEVELOPMENT_ASSET_PATHS = "\"helpdesk-principal/Preview Content\"";
				DEVELOPMENT_TEAM = 65VSGS267M;
				ENABLE_PREVIEWS = YES;
				GENERATE_INFOPLIST_FILE = YES;
				INFOPLIST_KEY_UIApplicationSceneManifest_Generation = YES;
				INFOPLIST_KEY_UIApplicationSupportsIndirectInputEvents = YES;
				INFOPLIST_KEY_UILaunchScreen_Generation = YES;
				INFOPLIST_KEY_UISupportedInterfaceOrientations_iPad = "UIInterfaceOrientationPortrait UIInterfaceOrientationPortraitUpsideDown UIInterfaceOrientationLandscapeLeft UIInterfaceOrientationLandscapeRight";
				INFOPLIST_KEY_UISupportedInterfaceOrientations_iPhone = "UIInterfaceOrientationPortrait UIInterfaceOrientationLandscapeLeft UIInterfaceOrientationLandscapeRight";
				LD_RUNPATH_SEARCH_PATHS = (
					"$(inherited)",
					"@executable_path/Frameworks",
				);
				MARKETING_VERSION = 1.0;
				PRODUCT_BUNDLE_IDENTIFIER = "geniusoft.helpdesk-principal";
				PRODUCT_NAME = "$(TARGET_NAME)";
				SWIFT_EMIT_LOC_STRINGS = YES;
				SWIFT_VERSION = 5.0;
				TARGETED_DEVICE_FAMILY = "1,2";
			};
			name = Debug;
		};
		945A6AEE2B5C57B600B3DBD0 /* Release */ = {
			isa = XCBuildConfiguration;
			buildSettings = {
				ASSETCATALOG_COMPILER_APPICON_NAME = AppIcon;
				ASSETCATALOG_COMPILER_GLOBAL_ACCENT_COLOR_NAME = AccentColor;
				CODE_SIGN_STYLE = Automatic;
				CURRENT_PROJECT_VERSION = 1;
				DEVELOPMENT_ASSET_PATHS = "\"helpdesk-principal/Preview Content\"";
				DEVELOPMENT_TEAM = 65VSGS267M;
				ENABLE_PREVIEWS = YES;
				GENERATE_INFOPLIST_FILE = YES;
				INFOPLIST_KEY_UIApplicationSceneManifest_Generation = YES;
				INFOPLIST_KEY_UIApplicationSupportsIndirectInputEvents = YES;
				INFOPLIST_KEY_UILaunchScreen_Generation = YES;
				INFOPLIST_KEY_UISupportedInterfaceOrientations_iPad = "UIInterfaceOrientationPortrait UIInterfaceOrientationPortraitUpsideDown UIInterfaceOrientationLandscapeLeft UIInterfaceOrientationLandscapeRight";
				INFOPLIST_KEY_UISupportedInterfaceOrientations_iPhone = "UIInterfaceOrientationPortrait UIInterfaceOrientationLandscapeLeft UIInterfaceOrientationLandscapeRight";
				LD_RUNPATH_SEARCH_PATHS = (
					"$(inherited)",
					"@executable_path/Frameworks",
				);
				MARKETING_VERSION = 1.0;
				PRODUCT_BUNDLE_IDENTIFIER = "geniusoft.helpdesk-principal";
				PRODUCT_NAME = "$(TARGET_NAME)";
				SWIFT_EMIT_LOC_STRINGS = YES;
				SWIFT_VERSION = 5.0;
				TARGETED_DEVICE_FAMILY = "1,2";
			};
			name = Release;
		};
		945A6AF02B5C57B600B3DBD0 /* Debug */ = {
			isa = XCBuildConfiguration;
			buildSettings = {
				ALWAYS_EMBED_SWIFT_STANDARD_LIBRARIES = YES;
				BUNDLE_LOADER = "$(TEST_HOST)";
				CODE_SIGN_STYLE = Automatic;
				CURRENT_PROJECT_VERSION = 1;
				DEVELOPMENT_TEAM = 65VSGS267M;
				GENERATE_INFOPLIST_FILE = YES;
				IPHONEOS_DEPLOYMENT_TARGET = 17.2;
				MARKETING_VERSION = 1.0;
				PRODUCT_BUNDLE_IDENTIFIER = "geniusoft.helpdesk-principalTests";
				PRODUCT_NAME = "$(TARGET_NAME)";
				SWIFT_EMIT_LOC_STRINGS = NO;
				SWIFT_VERSION = 5.0;
				TARGETED_DEVICE_FAMILY = "1,2";
				TEST_HOST = "$(BUILT_PRODUCTS_DIR)/helpdesk-principal.app/$(BUNDLE_EXECUTABLE_FOLDER_PATH)/helpdesk-principal";
			};
			name = Debug;
		};
		945A6AF12B5C57B600B3DBD0 /* Release */ = {
			isa = XCBuildConfiguration;
			buildSettings = {
				ALWAYS_EMBED_SWIFT_STANDARD_LIBRARIES = YES;
				BUNDLE_LOADER = "$(TEST_HOST)";
				CODE_SIGN_STYLE = Automatic;
				CURRENT_PROJECT_VERSION = 1;
				DEVELOPMENT_TEAM = 65VSGS267M;
				GENERATE_INFOPLIST_FILE = YES;
				IPHONEOS_DEPLOYMENT_TARGET = 17.2;
				MARKETING_VERSION = 1.0;
				PRODUCT_BUNDLE_IDENTIFIER = "geniusoft.helpdesk-principalTests";
				PRODUCT_NAME = "$(TARGET_NAME)";
				SWIFT_EMIT_LOC_STRINGS = NO;
				SWIFT_VERSION = 5.0;
				TARGETED_DEVICE_FAMILY = "1,2";
				TEST_HOST = "$(BUILT_PRODUCTS_DIR)/helpdesk-principal.app/$(BUNDLE_EXECUTABLE_FOLDER_PATH)/helpdesk-principal";
			};
			name = Release;
		};
		945A6AF32B5C57B600B3DBD0 /* Debug */ = {
			isa = XCBuildConfiguration;
			buildSettings = {
				ALWAYS_EMBED_SWIFT_STANDARD_LIBRARIES = YES;
				CODE_SIGN_STYLE = Automatic;
				CURRENT_PROJECT_VERSION = 1;
				DEVELOPMENT_TEAM = 65VSGS267M;
				GENERATE_INFOPLIST_FILE = YES;
				MARKETING_VERSION = 1.0;
				PRODUCT_BUNDLE_IDENTIFIER = "geniusoft.helpdesk-principalUITests";
				PRODUCT_NAME = "$(TARGET_NAME)";
				SWIFT_EMIT_LOC_STRINGS = NO;
				SWIFT_VERSION = 5.0;
				TARGETED_DEVICE_FAMILY = "1,2";
				TEST_TARGET_NAME = "helpdesk-principal";
			};
			name = Debug;
		};
		945A6AF42B5C57B600B3DBD0 /* Release */ = {
			isa = XCBuildConfiguration;
			buildSettings = {
				ALWAYS_EMBED_SWIFT_STANDARD_LIBRARIES = YES;
				CODE_SIGN_STYLE = Automatic;
				CURRENT_PROJECT_VERSION = 1;
				DEVELOPMENT_TEAM = 65VSGS267M;
				GENERATE_INFOPLIST_FILE = YES;
				MARKETING_VERSION = 1.0;
				PRODUCT_BUNDLE_IDENTIFIER = "geniusoft.helpdesk-principalUITests";
				PRODUCT_NAME = "$(TARGET_NAME)";
				SWIFT_EMIT_LOC_STRINGS = NO;
				SWIFT_VERSION = 5.0;
				TARGETED_DEVICE_FAMILY = "1,2";
				TEST_TARGET_NAME = "helpdesk-principal";
			};
			name = Release;
		};
/* End XCBuildConfiguration section */

/* Begin XCConfigurationList section */
		945A6AC32B5C57B400B3DBD0 /* Build configuration list for PBXProject "helpdesk-principal" */ = {
			isa = XCConfigurationList;
			buildConfigurations = (
				945A6AEA2B5C57B600B3DBD0 /* Debug */,
				945A6AEB2B5C57B600B3DBD0 /* Release */,
			);
			defaultConfigurationIsVisible = 0;
			defaultConfigurationName = Release;
		};
		945A6AEC2B5C57B600B3DBD0 /* Build configuration list for PBXNativeTarget "helpdesk-principal" */ = {
			isa = XCConfigurationList;
			buildConfigurations = (
				945A6AED2B5C57B600B3DBD0 /* Debug */,
				945A6AEE2B5C57B600B3DBD0 /* Release */,
			);
			defaultConfigurationIsVisible = 0;
			defaultConfigurationName = Release;
		};
		945A6AEF2B5C57B600B3DBD0 /* Build configuration list for PBXNativeTarget "helpdesk-principalTests" */ = {
			isa = XCConfigurationList;
			buildConfigurations = (
				945A6AF02B5C57B600B3DBD0 /* Debug */,
				945A6AF12B5C57B600B3DBD0 /* Release */,
			);
			defaultConfigurationIsVisible = 0;
			defaultConfigurationName = Release;
		};
		945A6AF22B5C57B600B3DBD0 /* Build configuration list for PBXNativeTarget "helpdesk-principalUITests" */ = {
			isa = XCConfigurationList;
			buildConfigurations = (
				945A6AF32B5C57B600B3DBD0 /* Debug */,
				945A6AF42B5C57B600B3DBD0 /* Release */,
			);
			defaultConfigurationIsVisible = 0;
			defaultConfigurationName = Release;
		};
/* End XCConfigurationList section */
	};
	rootObject = 945A6AC02B5C57B400B3DBD0 /* Project object */;
}
